// !$*UTF8*$!
{
	archiveVersion = 1;
	classes = {
	};
	objectVersion = 51;
	objects = {

/* Begin PBXBuildFile section */
		D3061E6A232746F7006B3372 /* ActionCreator.swift in Sources */ = {isa = PBXBuildFile; fileRef = D3061E69232746F6006B3372 /* ActionCreator.swift */; };
		D3061E6C23274FC5006B3372 /* TimelineStore.swift in Sources */ = {isa = PBXBuildFile; fileRef = D3061E6B23274FC5006B3372 /* TimelineStore.swift */; };
		D3061E7023275336006B3372 /* TimelineAction.swift in Sources */ = {isa = PBXBuildFile; fileRef = D3061E6F23275336006B3372 /* TimelineAction.swift */; };
		D355DE58232741A200838C05 /* Dispatcher.swift in Sources */ = {isa = PBXBuildFile; fileRef = D355DE54232741A200838C05 /* Dispatcher.swift */; };
		D355DE59232741A200838C05 /* Store.swift in Sources */ = {isa = PBXBuildFile; fileRef = D355DE55232741A200838C05 /* Store.swift */; };
		D355DE5B232741A200838C05 /* Action.swift in Sources */ = {isa = PBXBuildFile; fileRef = D355DE57232741A200838C05 /* Action.swift */; };
		D381C849232640A100212F5C /* Memo.swift in Sources */ = {isa = PBXBuildFile; fileRef = D381C848232640A100212F5C /* Memo.swift */; };
		D381C84C2326430100212F5C /* GoogleService-Info.plist in Resources */ = {isa = PBXBuildFile; fileRef = D381C84B2326430100212F5C /* GoogleService-Info.plist */; };
		D3901C7C232483D500732FEA /* AppDelegate.swift in Sources */ = {isa = PBXBuildFile; fileRef = D3901C7B232483D500732FEA /* AppDelegate.swift */; };
		D3901C7E232483D500732FEA /* TimelineViewController.swift in Sources */ = {isa = PBXBuildFile; fileRef = D3901C7D232483D500732FEA /* TimelineViewController.swift */; };
		D3901C81232483D500732FEA /* Timeline.storyboard in Resources */ = {isa = PBXBuildFile; fileRef = D3901C7F232483D500732FEA /* Timeline.storyboard */; };
		D3901C83232483D700732FEA /* Assets.xcassets in Resources */ = {isa = PBXBuildFile; fileRef = D3901C82232483D700732FEA /* Assets.xcassets */; };
		D3901C86232483D700732FEA /* LaunchScreen.storyboard in Resources */ = {isa = PBXBuildFile; fileRef = D3901C84232483D700732FEA /* LaunchScreen.storyboard */; };
		D3B3246223279455004797D4 /* TimelineDataSource.swift in Sources */ = {isa = PBXBuildFile; fileRef = D3B3246123279455004797D4 /* TimelineDataSource.swift */; };
		D3B324642327950B004797D4 /* TimelineActionCreator.swift in Sources */ = {isa = PBXBuildFile; fileRef = D3B324632327950B004797D4 /* TimelineActionCreator.swift */; };
		D3B324662327A63E004797D4 /* RxDataSources.framework in Embed Frameworks */ = {isa = PBXBuildFile; fileRef = D3B3245B232775EF004797D4 /* RxDataSources.framework */; settings = {ATTRIBUTES = (CodeSignOnCopy, RemoveHeadersOnCopy, ); }; };
		D3B324682327A63E004797D4 /* RxTest.framework in Embed Frameworks */ = {isa = PBXBuildFile; fileRef = D34992C02324F771005CB7CF /* RxTest.framework */; settings = {ATTRIBUTES = (CodeSignOnCopy, RemoveHeadersOnCopy, ); }; };
		D3B3246A2327A63E004797D4 /* RxBlocking.framework in Embed Frameworks */ = {isa = PBXBuildFile; fileRef = D34992BC2324F766005CB7CF /* RxBlocking.framework */; settings = {ATTRIBUTES = (CodeSignOnCopy, RemoveHeadersOnCopy, ); }; };
		D3B3246C2327A63E004797D4 /* RxCocoa.framework in Embed Frameworks */ = {isa = PBXBuildFile; fileRef = D34992BA2324F766005CB7CF /* RxCocoa.framework */; settings = {ATTRIBUTES = (CodeSignOnCopy, RemoveHeadersOnCopy, ); }; };
		D3B3246E2327A63E004797D4 /* RxRelay.framework in Embed Frameworks */ = {isa = PBXBuildFile; fileRef = D34992BB2324F766005CB7CF /* RxRelay.framework */; settings = {ATTRIBUTES = (CodeSignOnCopy, RemoveHeadersOnCopy, ); }; };
		D3B324702327A63E004797D4 /* RxSwift.framework in Embed Frameworks */ = {isa = PBXBuildFile; fileRef = D34992B82324F749005CB7CF /* RxSwift.framework */; settings = {ATTRIBUTES = (CodeSignOnCopy, RemoveHeadersOnCopy, ); }; };
		D3B324722327A63E004797D4 /* Pods_FluxSample.framework in Embed Frameworks */ = {isa = PBXBuildFile; fileRef = 5B93EE5AA3AB2782D605D6F6 /* Pods_FluxSample.framework */; settings = {ATTRIBUTES = (CodeSignOnCopy, RemoveHeadersOnCopy, ); }; };
		D3B324752327A683004797D4 /* AddMemo.storyboard in Resources */ = {isa = PBXBuildFile; fileRef = D3B324742327A683004797D4 /* AddMemo.storyboard */; };
		D3FEDA7B232644B8000078BC /* APIClient.swift in Sources */ = {isa = PBXBuildFile; fileRef = D3FEDA7A232644B8000078BC /* APIClient.swift */; };
/* End PBXBuildFile section */

/* Begin PBXCopyFilesBuildPhase section */
		D3B324732327A63E004797D4 /* Embed Frameworks */ = {
			isa = PBXCopyFilesBuildPhase;
			buildActionMask = 2147483647;
			dstPath = "";
			dstSubfolderSpec = 10;
			files = (
				D3B3246C2327A63E004797D4 /* RxCocoa.framework in Embed Frameworks */,
				D3B324682327A63E004797D4 /* RxTest.framework in Embed Frameworks */,
				D3B324702327A63E004797D4 /* RxSwift.framework in Embed Frameworks */,
				D3B324662327A63E004797D4 /* RxDataSources.framework in Embed Frameworks */,
				D3B3246A2327A63E004797D4 /* RxBlocking.framework in Embed Frameworks */,
				D3B3246E2327A63E004797D4 /* RxRelay.framework in Embed Frameworks */,
				D3B324722327A63E004797D4 /* Pods_FluxSample.framework in Embed Frameworks */,
			);
			name = "Embed Frameworks";
			runOnlyForDeploymentPostprocessing = 0;
		};
/* End PBXCopyFilesBuildPhase section */

/* Begin PBXFileReference section */
		3AF31C6797EC99871DA76B65 /* Pods-FluxSample.release.xcconfig */ = {isa = PBXFileReference; includeInIndex = 1; lastKnownFileType = text.xcconfig; name = "Pods-FluxSample.release.xcconfig"; path = "Target Support Files/Pods-FluxSample/Pods-FluxSample.release.xcconfig"; sourceTree = "<group>"; };
		5B93EE5AA3AB2782D605D6F6 /* Pods_FluxSample.framework */ = {isa = PBXFileReference; explicitFileType = wrapper.framework; includeInIndex = 0; path = Pods_FluxSample.framework; sourceTree = BUILT_PRODUCTS_DIR; };
		CF2EA3095AD6E59855BE1AE8 /* Pods-FluxSample.debug.xcconfig */ = {isa = PBXFileReference; includeInIndex = 1; lastKnownFileType = text.xcconfig; name = "Pods-FluxSample.debug.xcconfig"; path = "Target Support Files/Pods-FluxSample/Pods-FluxSample.debug.xcconfig"; sourceTree = "<group>"; };
		D3061E69232746F6006B3372 /* ActionCreator.swift */ = {isa = PBXFileReference; fileEncoding = 4; lastKnownFileType = sourcecode.swift; path = ActionCreator.swift; sourceTree = "<group>"; };
		D3061E6B23274FC5006B3372 /* TimelineStore.swift */ = {isa = PBXFileReference; lastKnownFileType = sourcecode.swift; path = TimelineStore.swift; sourceTree = "<group>"; };
		D3061E6F23275336006B3372 /* TimelineAction.swift */ = {isa = PBXFileReference; lastKnownFileType = sourcecode.swift; path = TimelineAction.swift; sourceTree = "<group>"; };
		D34992B82324F749005CB7CF /* RxSwift.framework */ = {isa = PBXFileReference; lastKnownFileType = wrapper.framework; name = RxSwift.framework; path = Carthage/Build/iOS/RxSwift.framework; sourceTree = "<group>"; };
		D34992BA2324F766005CB7CF /* RxCocoa.framework */ = {isa = PBXFileReference; lastKnownFileType = wrapper.framework; name = RxCocoa.framework; path = Carthage/Build/iOS/RxCocoa.framework; sourceTree = "<group>"; };
		D34992BB2324F766005CB7CF /* RxRelay.framework */ = {isa = PBXFileReference; lastKnownFileType = wrapper.framework; name = RxRelay.framework; path = Carthage/Build/iOS/RxRelay.framework; sourceTree = "<group>"; };
		D34992BC2324F766005CB7CF /* RxBlocking.framework */ = {isa = PBXFileReference; lastKnownFileType = wrapper.framework; name = RxBlocking.framework; path = Carthage/Build/iOS/RxBlocking.framework; sourceTree = "<group>"; };
		D34992C02324F771005CB7CF /* RxTest.framework */ = {isa = PBXFileReference; lastKnownFileType = wrapper.framework; name = RxTest.framework; path = Carthage/Build/iOS/RxTest.framework; sourceTree = "<group>"; };
		D355DE54232741A200838C05 /* Dispatcher.swift */ = {isa = PBXFileReference; fileEncoding = 4; lastKnownFileType = sourcecode.swift; path = Dispatcher.swift; sourceTree = "<group>"; };
		D355DE55232741A200838C05 /* Store.swift */ = {isa = PBXFileReference; fileEncoding = 4; lastKnownFileType = sourcecode.swift; path = Store.swift; sourceTree = "<group>"; };
		D355DE57232741A200838C05 /* Action.swift */ = {isa = PBXFileReference; fileEncoding = 4; lastKnownFileType = sourcecode.swift; path = Action.swift; sourceTree = "<group>"; };
		D381C848232640A100212F5C /* Memo.swift */ = {isa = PBXFileReference; lastKnownFileType = sourcecode.swift; path = Memo.swift; sourceTree = "<group>"; };
		D381C84B2326430100212F5C /* GoogleService-Info.plist */ = {isa = PBXFileReference; fileEncoding = 4; lastKnownFileType = text.plist.xml; path = "GoogleService-Info.plist"; sourceTree = "<group>"; };
		D3901C78232483D500732FEA /* FluxSample.app */ = {isa = PBXFileReference; explicitFileType = wrapper.application; includeInIndex = 0; path = FluxSample.app; sourceTree = BUILT_PRODUCTS_DIR; };
		D3901C7B232483D500732FEA /* AppDelegate.swift */ = {isa = PBXFileReference; lastKnownFileType = sourcecode.swift; path = AppDelegate.swift; sourceTree = "<group>"; };
		D3901C7D232483D500732FEA /* TimelineViewController.swift */ = {isa = PBXFileReference; lastKnownFileType = sourcecode.swift; path = TimelineViewController.swift; sourceTree = "<group>"; };
		D3901C80232483D500732FEA /* Base */ = {isa = PBXFileReference; lastKnownFileType = file.storyboard; name = Base; path = Base.lproj/Timeline.storyboard; sourceTree = "<group>"; };
		D3901C82232483D700732FEA /* Assets.xcassets */ = {isa = PBXFileReference; lastKnownFileType = folder.assetcatalog; path = Assets.xcassets; sourceTree = "<group>"; };
		D3901C85232483D700732FEA /* Base */ = {isa = PBXFileReference; lastKnownFileType = file.storyboard; name = Base; path = Base.lproj/LaunchScreen.storyboard; sourceTree = "<group>"; };
		D3901C87232483D700732FEA /* Info.plist */ = {isa = PBXFileReference; lastKnownFileType = text.plist.xml; path = Info.plist; sourceTree = "<group>"; };
		D3B3245B232775EF004797D4 /* RxDataSources.framework */ = {isa = PBXFileReference; lastKnownFileType = wrapper.framework; name = RxDataSources.framework; path = Carthage/Build/iOS/RxDataSources.framework; sourceTree = "<group>"; };
		D3B3246123279455004797D4 /* TimelineDataSource.swift */ = {isa = PBXFileReference; lastKnownFileType = sourcecode.swift; path = TimelineDataSource.swift; sourceTree = "<group>"; };
		D3B324632327950B004797D4 /* TimelineActionCreator.swift */ = {isa = PBXFileReference; lastKnownFileType = sourcecode.swift; path = TimelineActionCreator.swift; sourceTree = "<group>"; };
		D3B324742327A683004797D4 /* AddMemo.storyboard */ = {isa = PBXFileReference; lastKnownFileType = file.storyboard; path = AddMemo.storyboard; sourceTree = "<group>"; };
		D3FEDA7A232644B8000078BC /* APIClient.swift */ = {isa = PBXFileReference; lastKnownFileType = sourcecode.swift; path = APIClient.swift; sourceTree = "<group>"; };
/* End PBXFileReference section */

/* Begin PBXFrameworksBuildPhase section */
		D3901C75232483D500732FEA /* Frameworks */ = {
			isa = PBXFrameworksBuildPhase;
			buildActionMask = 2147483647;
			files = (
			);
			runOnlyForDeploymentPostprocessing = 0;
		};
/* End PBXFrameworksBuildPhase section */

/* Begin PBXGroup section */
		2D13D458BED3DC0C06380359 /* Pods */ = {
			isa = PBXGroup;
			children = (
				CF2EA3095AD6E59855BE1AE8 /* Pods-FluxSample.debug.xcconfig */,
				3AF31C6797EC99871DA76B65 /* Pods-FluxSample.release.xcconfig */,
			);
			path = Pods;
			sourceTree = "<group>";
		};
		D34992B72324F748005CB7CF /* Frameworks */ = {
			isa = PBXGroup;
			children = (
				D3B3245B232775EF004797D4 /* RxDataSources.framework */,
				D34992C02324F771005CB7CF /* RxTest.framework */,
				D34992BC2324F766005CB7CF /* RxBlocking.framework */,
				D34992BA2324F766005CB7CF /* RxCocoa.framework */,
				D34992BB2324F766005CB7CF /* RxRelay.framework */,
				D34992B82324F749005CB7CF /* RxSwift.framework */,
				5B93EE5AA3AB2782D605D6F6 /* Pods_FluxSample.framework */,
			);
			name = Frameworks;
			sourceTree = "<group>";
		};
		D34992C32325254B005CB7CF /* Timeline */ = {
			isa = PBXGroup;
			children = (
				D3901C7D232483D500732FEA /* TimelineViewController.swift */,
				D3061E6B23274FC5006B3372 /* TimelineStore.swift */,
				D3061E6F23275336006B3372 /* TimelineAction.swift */,
				D3B3246123279455004797D4 /* TimelineDataSource.swift */,
				D3B324632327950B004797D4 /* TimelineActionCreator.swift */,
			);
			path = Timeline;
			sourceTree = "<group>";
		};
		D34992C42325255A005CB7CF /* Flux */ = {
			isa = PBXGroup;
			children = (
				D3061E69232746F6006B3372 /* ActionCreator.swift */,
				D355DE57232741A200838C05 /* Action.swift */,
				D355DE54232741A200838C05 /* Dispatcher.swift */,
				D355DE55232741A200838C05 /* Store.swift */,
			);
			path = Flux;
			sourceTree = "<group>";
		};
		D34992CA232529C4005CB7CF /* Resource */ = {
			isa = PBXGroup;
			children = (
				D381C84B2326430100212F5C /* GoogleService-Info.plist */,
				D3901C87232483D700732FEA /* Info.plist */,
				D3901C82232483D700732FEA /* Assets.xcassets */,
				D3901C84232483D700732FEA /* LaunchScreen.storyboard */,
				D3901C7F232483D500732FEA /* Timeline.storyboard */,
				D3B324742327A683004797D4 /* AddMemo.storyboard */,
			);
			path = Resource;
			sourceTree = "<group>";
		};
		D34992CC232529CD005CB7CF /* Source */ = {
			isa = PBXGroup;
			children = (
				D381C84A2326426200212F5C /* API */,
				D34992CD232529E1005CB7CF /* Common */,
				D34992D223253842005CB7CF /* Entity */,
				D34992C42325255A005CB7CF /* Flux */,
				D34992C32325254B005CB7CF /* Timeline */,
			);
			path = Source;
			sourceTree = "<group>";
		};
		D34992CD232529E1005CB7CF /* Common */ = {
			isa = PBXGroup;
			children = (
				D3901C7B232483D500732FEA /* AppDelegate.swift */,
			);
			path = Common;
			sourceTree = "<group>";
		};
		D34992D223253842005CB7CF /* Entity */ = {
			isa = PBXGroup;
			children = (
				D381C848232640A100212F5C /* Memo.swift */,
			);
			path = Entity;
			sourceTree = "<group>";
		};
		D381C84A2326426200212F5C /* API */ = {
			isa = PBXGroup;
			children = (
				D3FEDA7A232644B8000078BC /* APIClient.swift */,
			);
			path = API;
			sourceTree = "<group>";
		};
		D3901C6F232483D500732FEA = {
			isa = PBXGroup;
			children = (
				D3901C7A232483D500732FEA /* FluxSample */,
				D3901C79232483D500732FEA /* Products */,
				D34992B72324F748005CB7CF /* Frameworks */,
				2D13D458BED3DC0C06380359 /* Pods */,
			);
			sourceTree = "<group>";
		};
		D3901C79232483D500732FEA /* Products */ = {
			isa = PBXGroup;
			children = (
				D3901C78232483D500732FEA /* FluxSample.app */,
			);
			name = Products;
			sourceTree = "<group>";
		};
		D3901C7A232483D500732FEA /* FluxSample */ = {
			isa = PBXGroup;
			children = (
				D34992CA232529C4005CB7CF /* Resource */,
				D34992CC232529CD005CB7CF /* Source */,
			);
			path = FluxSample;
			sourceTree = "<group>";
		};
/* End PBXGroup section */

/* Begin PBXNativeTarget section */
		D3901C77232483D500732FEA /* FluxSample */ = {
			isa = PBXNativeTarget;
			buildConfigurationList = D3901C8A232483D700732FEA /* Build configuration list for PBXNativeTarget "FluxSample" */;
			buildPhases = (
				A9670A2323316D92C30C951C /* [CP] Check Pods Manifest.lock */,
				D3901C74232483D500732FEA /* Sources */,
				D3901C75232483D500732FEA /* Frameworks */,
				D3901C76232483D500732FEA /* Resources */,
				D34992C22324F79A005CB7CF /* Carthage */,
				6721A36095E7AD39486E93BC /* [CP] Embed Pods Frameworks */,
				D3B324732327A63E004797D4 /* Embed Frameworks */,
			);
			buildRules = (
			);
			dependencies = (
			);
			name = FluxSample;
			productName = FluxSample;
			productReference = D3901C78232483D500732FEA /* FluxSample.app */;
			productType = "com.apple.product-type.application";
		};
/* End PBXNativeTarget section */

/* Begin PBXProject section */
		D3901C70232483D500732FEA /* Project object */ = {
			isa = PBXProject;
			attributes = {
				LastSwiftUpdateCheck = 1030;
				LastUpgradeCheck = 1030;
				ORGANIZATIONNAME = "Fumiya Tanaka";
				TargetAttributes = {
					D3901C77232483D500732FEA = {
						CreatedOnToolsVersion = 10.3;
					};
				};
			};
			buildConfigurationList = D3901C73232483D500732FEA /* Build configuration list for PBXProject "FluxSample" */;
			compatibilityVersion = "Xcode 9.3";
			developmentRegion = en;
			hasScannedForEncodings = 0;
			knownRegions = (
				en,
				Base,
			);
			mainGroup = D3901C6F232483D500732FEA;
			productRefGroup = D3901C79232483D500732FEA /* Products */;
			projectDirPath = "";
			projectRoot = "";
			targets = (
				D3901C77232483D500732FEA /* FluxSample */,
			);
		};
/* End PBXProject section */

/* Begin PBXResourcesBuildPhase section */
		D3901C76232483D500732FEA /* Resources */ = {
			isa = PBXResourcesBuildPhase;
			buildActionMask = 2147483647;
			files = (
				D3901C86232483D700732FEA /* LaunchScreen.storyboard in Resources */,
				D3B324752327A683004797D4 /* AddMemo.storyboard in Resources */,
				D381C84C2326430100212F5C /* GoogleService-Info.plist in Resources */,
				D3901C83232483D700732FEA /* Assets.xcassets in Resources */,
				D3901C81232483D500732FEA /* Timeline.storyboard in Resources */,
			);
			runOnlyForDeploymentPostprocessing = 0;
		};
/* End PBXResourcesBuildPhase section */

/* Begin PBXShellScriptBuildPhase section */
		6721A36095E7AD39486E93BC /* [CP] Embed Pods Frameworks */ = {
			isa = PBXShellScriptBuildPhase;
			buildActionMask = 2147483647;
			files = (
			);
			inputFileListPaths = (
				"${PODS_ROOT}/Target Support Files/Pods-FluxSample/Pods-FluxSample-frameworks-${CONFIGURATION}-input-files.xcfilelist",
			);
			name = "[CP] Embed Pods Frameworks";
			outputFileListPaths = (
				"${PODS_ROOT}/Target Support Files/Pods-FluxSample/Pods-FluxSample-frameworks-${CONFIGURATION}-output-files.xcfilelist",
			);
			runOnlyForDeploymentPostprocessing = 0;
			shellPath = /bin/sh;
			shellScript = "\"${PODS_ROOT}/Target Support Files/Pods-FluxSample/Pods-FluxSample-frameworks.sh\"\n";
			showEnvVarsInLog = 0;
		};
		A9670A2323316D92C30C951C /* [CP] Check Pods Manifest.lock */ = {
			isa = PBXShellScriptBuildPhase;
			buildActionMask = 2147483647;
			files = (
			);
			inputFileListPaths = (
			);
			inputPaths = (
				"${PODS_PODFILE_DIR_PATH}/Podfile.lock",
				"${PODS_ROOT}/Manifest.lock",
			);
			name = "[CP] Check Pods Manifest.lock";
			outputFileListPaths = (
			);
			outputPaths = (
				"$(DERIVED_FILE_DIR)/Pods-FluxSample-checkManifestLockResult.txt",
			);
			runOnlyForDeploymentPostprocessing = 0;
			shellPath = /bin/sh;
			shellScript = "diff \"${PODS_PODFILE_DIR_PATH}/Podfile.lock\" \"${PODS_ROOT}/Manifest.lock\" > /dev/null\nif [ $? != 0 ] ; then\n    # print error to STDERR\n    echo \"error: The sandbox is not in sync with the Podfile.lock. Run 'pod install' or update your CocoaPods installation.\" >&2\n    exit 1\nfi\n# This output is used by Xcode 'outputs' to avoid re-running this script phase.\necho \"SUCCESS\" > \"${SCRIPT_OUTPUT_FILE_0}\"\n";
			showEnvVarsInLog = 0;
		};
		D34992C22324F79A005CB7CF /* Carthage */ = {
			isa = PBXShellScriptBuildPhase;
			buildActionMask = 2147483647;
			files = (
			);
			inputFileListPaths = (
			);
			inputPaths = (
				"$(SRCROOT)/Carthage/Build/iOS/RxSwift.framework",
				"$(SRCROOT)/Carthage/Build/iOS/RxCocoa.framework",
				"$(SRCROOT)/Carthage/Build/iOS/RxBlocking.framework",
				"$(SRCROOT)/Carthage/Build/iOS/RxRelay.framework",
				"$(SRCROOT)/Carthage/Build/iOS/RxDataSources.framework",
			);
			name = Carthage;
			outputFileListPaths = (
			);
			outputPaths = (
			);
			runOnlyForDeploymentPostprocessing = 0;
			shellPath = /bin/sh;
			shellScript = "/usr/local/bin/carthage copy-frameworks\n";
		};
/* End PBXShellScriptBuildPhase section */

/* Begin PBXSourcesBuildPhase section */
		D3901C74232483D500732FEA /* Sources */ = {
			isa = PBXSourcesBuildPhase;
			buildActionMask = 2147483647;
			files = (
				D355DE59232741A200838C05 /* Store.swift in Sources */,
				D355DE5B232741A200838C05 /* Action.swift in Sources */,
				D381C849232640A100212F5C /* Memo.swift in Sources */,
				D3B324642327950B004797D4 /* TimelineActionCreator.swift in Sources */,
				D3061E6C23274FC5006B3372 /* TimelineStore.swift in Sources */,
				D3901C7E232483D500732FEA /* TimelineViewController.swift in Sources */,
				D3B3246223279455004797D4 /* TimelineDataSource.swift in Sources */,
				D3061E7023275336006B3372 /* TimelineAction.swift in Sources */,
				D3061E6A232746F7006B3372 /* ActionCreator.swift in Sources */,
				D355DE58232741A200838C05 /* Dispatcher.swift in Sources */,
				D3901C7C232483D500732FEA /* AppDelegate.swift in Sources */,
				D3FEDA7B232644B8000078BC /* APIClient.swift in Sources */,
			);
			runOnlyForDeploymentPostprocessing = 0;
		};
/* End PBXSourcesBuildPhase section */

/* Begin PBXVariantGroup section */
		D3901C7F232483D500732FEA /* Timeline.storyboard */ = {
			isa = PBXVariantGroup;
			children = (
				D3901C80232483D500732FEA /* Base */,
			);
			name = Timeline.storyboard;
			sourceTree = "<group>";
		};
		D3901C84232483D700732FEA /* LaunchScreen.storyboard */ = {
			isa = PBXVariantGroup;
			children = (
				D3901C85232483D700732FEA /* Base */,
			);
			name = LaunchScreen.storyboard;
			sourceTree = "<group>";
		};
/* End PBXVariantGroup section */

/* Begin XCBuildConfiguration section */
		D3901C88232483D700732FEA /* Debug */ = {
			isa = XCBuildConfiguration;
			buildSettings = {
				ALWAYS_SEARCH_USER_PATHS = NO;
				CLANG_ANALYZER_NONNULL = YES;
				CLANG_ANALYZER_NUMBER_OBJECT_CONVERSION = YES_AGGRESSIVE;
				CLANG_CXX_LANGUAGE_STANDARD = "gnu++14";
				CLANG_CXX_LIBRARY = "libc++";
				CLANG_ENABLE_MODULES = YES;
				CLANG_ENABLE_OBJC_ARC = YES;
				CLANG_ENABLE_OBJC_WEAK = YES;
				CLANG_WARN_BLOCK_CAPTURE_AUTORELEASING = YES;
				CLANG_WARN_BOOL_CONVERSION = YES;
				CLANG_WARN_COMMA = YES;
				CLANG_WARN_CONSTANT_CONVERSION = YES;
				CLANG_WARN_DEPRECATED_OBJC_IMPLEMENTATIONS = YES;
				CLANG_WARN_DIRECT_OBJC_ISA_USAGE = YES_ERROR;
				CLANG_WARN_DOCUMENTATION_COMMENTS = YES;
				CLANG_WARN_EMPTY_BODY = YES;
				CLANG_WARN_ENUM_CONVERSION = YES;
				CLANG_WARN_INFINITE_RECURSION = YES;
				CLANG_WARN_INT_CONVERSION = YES;
				CLANG_WARN_NON_LITERAL_NULL_CONVERSION = YES;
				CLANG_WARN_OBJC_IMPLICIT_RETAIN_SELF = YES;
				CLANG_WARN_OBJC_LITERAL_CONVERSION = YES;
				CLANG_WARN_OBJC_ROOT_CLASS = YES_ERROR;
				CLANG_WARN_RANGE_LOOP_ANALYSIS = YES;
				CLANG_WARN_STRICT_PROTOTYPES = YES;
				CLANG_WARN_SUSPICIOUS_MOVE = YES;
				CLANG_WARN_UNGUARDED_AVAILABILITY = YES_AGGRESSIVE;
				CLANG_WARN_UNREACHABLE_CODE = YES;
				CLANG_WARN__DUPLICATE_METHOD_MATCH = YES;
				CODE_SIGN_IDENTITY = "iPhone Developer";
				COPY_PHASE_STRIP = NO;
				DEBUG_INFORMATION_FORMAT = dwarf;
				ENABLE_STRICT_OBJC_MSGSEND = YES;
				ENABLE_TESTABILITY = YES;
				GCC_C_LANGUAGE_STANDARD = gnu11;
				GCC_DYNAMIC_NO_PIC = NO;
				GCC_NO_COMMON_BLOCKS = YES;
				GCC_OPTIMIZATION_LEVEL = 0;
				GCC_PREPROCESSOR_DEFINITIONS = (
					"DEBUG=1",
					"$(inherited)",
				);
				GCC_WARN_64_TO_32_BIT_CONVERSION = YES;
				GCC_WARN_ABOUT_RETURN_TYPE = YES_ERROR;
				GCC_WARN_UNDECLARED_SELECTOR = YES;
				GCC_WARN_UNINITIALIZED_AUTOS = YES_AGGRESSIVE;
				GCC_WARN_UNUSED_FUNCTION = YES;
				GCC_WARN_UNUSED_VARIABLE = YES;
				IPHONEOS_DEPLOYMENT_TARGET = 12.4;
				MTL_ENABLE_DEBUG_INFO = INCLUDE_SOURCE;
				MTL_FAST_MATH = YES;
				ONLY_ACTIVE_ARCH = YES;
				SDKROOT = iphoneos;
				SWIFT_ACTIVE_COMPILATION_CONDITIONS = DEBUG;
				SWIFT_OPTIMIZATION_LEVEL = "-Onone";
			};
			name = Debug;
		};
		D3901C89232483D700732FEA /* Release */ = {
			isa = XCBuildConfiguration;
			buildSettings = {
				ALWAYS_SEARCH_USER_PATHS = NO;
				CLANG_ANALYZER_NONNULL = YES;
				CLANG_ANALYZER_NUMBER_OBJECT_CONVERSION = YES_AGGRESSIVE;
				CLANG_CXX_LANGUAGE_STANDARD = "gnu++14";
				CLANG_CXX_LIBRARY = "libc++";
				CLANG_ENABLE_MODULES = YES;
				CLANG_ENABLE_OBJC_ARC = YES;
				CLANG_ENABLE_OBJC_WEAK = YES;
				CLANG_WARN_BLOCK_CAPTURE_AUTORELEASING = YES;
				CLANG_WARN_BOOL_CONVERSION = YES;
				CLANG_WARN_COMMA = YES;
				CLANG_WARN_CONSTANT_CONVERSION = YES;
				CLANG_WARN_DEPRECATED_OBJC_IMPLEMENTATIONS = YES;
				CLANG_WARN_DIRECT_OBJC_ISA_USAGE = YES_ERROR;
				CLANG_WARN_DOCUMENTATION_COMMENTS = YES;
				CLANG_WARN_EMPTY_BODY = YES;
				CLANG_WARN_ENUM_CONVERSION = YES;
				CLANG_WARN_INFINITE_RECURSION = YES;
				CLANG_WARN_INT_CONVERSION = YES;
				CLANG_WARN_NON_LITERAL_NULL_CONVERSION = YES;
				CLANG_WARN_OBJC_IMPLICIT_RETAIN_SELF = YES;
				CLANG_WARN_OBJC_LITERAL_CONVERSION = YES;
				CLANG_WARN_OBJC_ROOT_CLASS = YES_ERROR;
				CLANG_WARN_RANGE_LOOP_ANALYSIS = YES;
				CLANG_WARN_STRICT_PROTOTYPES = YES;
				CLANG_WARN_SUSPICIOUS_MOVE = YES;
				CLANG_WARN_UNGUARDED_AVAILABILITY = YES_AGGRESSIVE;
				CLANG_WARN_UNREACHABLE_CODE = YES;
				CLANG_WARN__DUPLICATE_METHOD_MATCH = YES;
				CODE_SIGN_IDENTITY = "iPhone Developer";
				COPY_PHASE_STRIP = NO;
				DEBUG_INFORMATION_FORMAT = "dwarf-with-dsym";
				ENABLE_NS_ASSERTIONS = NO;
				ENABLE_STRICT_OBJC_MSGSEND = YES;
				GCC_C_LANGUAGE_STANDARD = gnu11;
				GCC_NO_COMMON_BLOCKS = YES;
				GCC_WARN_64_TO_32_BIT_CONVERSION = YES;
				GCC_WARN_ABOUT_RETURN_TYPE = YES_ERROR;
				GCC_WARN_UNDECLARED_SELECTOR = YES;
				GCC_WARN_UNINITIALIZED_AUTOS = YES_AGGRESSIVE;
				GCC_WARN_UNUSED_FUNCTION = YES;
				GCC_WARN_UNUSED_VARIABLE = YES;
				IPHONEOS_DEPLOYMENT_TARGET = 12.4;
				MTL_ENABLE_DEBUG_INFO = NO;
				MTL_FAST_MATH = YES;
				SDKROOT = iphoneos;
				SWIFT_COMPILATION_MODE = wholemodule;
				SWIFT_OPTIMIZATION_LEVEL = "-O";
				VALIDATE_PRODUCT = YES;
			};
			name = Release;
		};
		D3901C8B232483D700732FEA /* Debug */ = {
			isa = XCBuildConfiguration;
			baseConfigurationReference = CF2EA3095AD6E59855BE1AE8 /* Pods-FluxSample.debug.xcconfig */;
			buildSettings = {
				ASSETCATALOG_COMPILER_APPICON_NAME = AppIcon;
				CODE_SIGN_STYLE = Automatic;
				DEVELOPMENT_TEAM = 2X6AD4W323;
				ENABLE_BITCODE = NO;
				FRAMEWORK_SEARCH_PATHS = (
					"$(inherited)",
					"$(PROJECT_DIR)/Carthage/Build/iOS",
				);
				INFOPLIST_FILE = "$(SRCROOT)/FluxSample/Resource/Info.plist";
				LD_RUNPATH_SEARCH_PATHS = (
					"$(inherited)",
					"@executable_path/Frameworks",
				);
				PRODUCT_BUNDLE_IDENTIFIER = com.fumiya.FluxSample;
				PRODUCT_NAME = "$(TARGET_NAME)";
				SWIFT_VERSION = 5.0;
				TARGETED_DEVICE_FAMILY = "1,2";
			};
			name = Debug;
		};
		D3901C8C232483D700732FEA /* Release */ = {
			isa = XCBuildConfiguration;
			baseConfigurationReference = 3AF31C6797EC99871DA76B65 /* Pods-FluxSample.release.xcconfig */;
			buildSettings = {
				ASSETCATALOG_COMPILER_APPICON_NAME = AppIcon;
				CODE_SIGN_STYLE = Automatic;
				DEVELOPMENT_TEAM = 2X6AD4W323;
				ENABLE_BITCODE = NO;
				FRAMEWORK_SEARCH_PATHS = (
					"$(inherited)",
					"$(PROJECT_DIR)/Carthage/Build/iOS",
				);
				INFOPLIST_FILE = "$(SRCROOT)/FluxSample/Resource/Info.plist";
				LD_RUNPATH_SEARCH_PATHS = (
					"$(inherited)",
					"@executable_path/Frameworks",
				);
				PRODUCT_BUNDLE_IDENTIFIER = com.fumiya.FluxSample;
				PRODUCT_NAME = "$(TARGET_NAME)";
				SWIFT_VERSION = 5.0;
				TARGETED_DEVICE_FAMILY = "1,2";
			};
			name = Release;
		};
/* End XCBuildConfiguration section */

/* Begin XCConfigurationList section */
		D3901C73232483D500732FEA /* Build configuration list for PBXProject "FluxSample" */ = {
			isa = XCConfigurationList;
			buildConfigurations = (
				D3901C88232483D700732FEA /* Debug */,
				D3901C89232483D700732FEA /* Release */,
			);
			defaultConfigurationIsVisible = 0;
			defaultConfigurationName = Release;
		};
		D3901C8A232483D700732FEA /* Build configuration list for PBXNativeTarget "FluxSample" */ = {
			isa = XCConfigurationList;
			buildConfigurations = (
				D3901C8B232483D700732FEA /* Debug */,
				D3901C8C232483D700732FEA /* Release */,
			);
			defaultConfigurationIsVisible = 0;
			defaultConfigurationName = Release;
		};
/* End XCConfigurationList section */
	};
	rootObject = D3901C70232483D500732FEA /* Project object */;
}
